{
  "version": 4,
  "terraform_version": "1.5.7",
  "serial": 39,
  "lineage": "1ba2d375-d4bc-9900-84a0-c6e71f85f2c6",
  "outputs": {},
  "resources": [
    {
      "mode": "data",
      "type": "aws_ecr_image",
      "name": "lambda-image",
      "provider": "provider[\"registry.terraform.io/hashicorp/aws\"]",
      "instances": [
        {
          "schema_version": 0,
          "attributes": {
            "id": "sha256:3404d9e740bcc07a581e05866ae48428da239568cc49d48c87f86e73dca09e34",
            "image_digest": "sha256:3404d9e740bcc07a581e05866ae48428da239568cc49d48c87f86e73dca09e34",
            "image_pushed_at": 1713368242,
            "image_size_in_bytes": 479578492,
            "image_tag": "latest",
            "image_tags": [
              "latest"
            ],
            "image_uri": "129033205317.dkr.ecr.eu-west-2.amazonaws.com/c10-epsilon-plant-pipeline@sha256:3404d9e740bcc07a581e05866ae48428da239568cc49d48c87f86e73dca09e34",
            "most_recent": null,
            "registry_id": "129033205317",
            "repository_name": "c10-epsilon-plant-pipeline"
          },
          "sensitive_attributes": []
        }
      ]
    },
    {
      "mode": "data",
      "type": "aws_ecr_image",
      "name": "lambda-image2",
      "provider": "provider[\"registry.terraform.io/hashicorp/aws\"]",
      "instances": [
        {
          "schema_version": 0,
          "attributes": {
            "id": "sha256:51c64eda647b85e14642e8cc5410a0a0554496527c2d057a2d06231d6bc74cda",
            "image_digest": "sha256:51c64eda647b85e14642e8cc5410a0a0554496527c2d057a2d06231d6bc74cda",
            "image_pushed_at": 1713429266,
            "image_size_in_bytes": 276383774,
            "image_tag": "latest",
            "image_tags": [
              "latest"
            ],
            "image_uri": "129033205317.dkr.ecr.eu-west-2.amazonaws.com/c10-epsilon-plant-archive@sha256:51c64eda647b85e14642e8cc5410a0a0554496527c2d057a2d06231d6bc74cda",
            "most_recent": null,
            "registry_id": "129033205317",
            "repository_name": "c10-epsilon-plant-archive"
          },
          "sensitive_attributes": []
        }
      ]
    },
    {
      "mode": "data",
      "type": "aws_ecr_repository",
      "name": "lambda-ecr-repo",
      "provider": "provider[\"registry.terraform.io/hashicorp/aws\"]",
      "instances": [
        {
          "schema_version": 0,
          "attributes": {
            "arn": "arn:aws:ecr:eu-west-2:129033205317:repository/c10-epsilon-plant-pipeline",
            "encryption_configuration": [
              {
                "encryption_type": "AES256",
                "kms_key": ""
              }
            ],
            "id": "c10-epsilon-plant-pipeline",
            "image_scanning_configuration": [
              {
                "scan_on_push": false
              }
            ],
            "image_tag_mutability": "MUTABLE",
            "most_recent_image_tags": [
              "latest"
            ],
            "name": "c10-epsilon-plant-pipeline",
            "registry_id": "129033205317",
            "repository_url": "129033205317.dkr.ecr.eu-west-2.amazonaws.com/c10-epsilon-plant-pipeline",
            "tags": null
          },
          "sensitive_attributes": []
        }
      ]
    },
    {
      "mode": "data",
      "type": "aws_ecr_repository",
      "name": "lambda-ecr-repo2",
      "provider": "provider[\"registry.terraform.io/hashicorp/aws\"]",
      "instances": [
        {
          "schema_version": 0,
          "attributes": {
            "arn": "arn:aws:ecr:eu-west-2:129033205317:repository/c10-epsilon-plant-archive",
            "encryption_configuration": [
              {
                "encryption_type": "AES256",
                "kms_key": ""
              }
            ],
            "id": "c10-epsilon-plant-archive",
            "image_scanning_configuration": [
              {
                "scan_on_push": false
              }
            ],
            "image_tag_mutability": "MUTABLE",
            "most_recent_image_tags": [
              "latest"
            ],
            "name": "c10-epsilon-plant-archive",
            "registry_id": "129033205317",
            "repository_url": "129033205317.dkr.ecr.eu-west-2.amazonaws.com/c10-epsilon-plant-archive",
            "tags": null
          },
          "sensitive_attributes": []
        }
      ]
    },
    {
      "mode": "data",
      "type": "aws_iam_policy_document",
      "name": "lambda-role-policy",
      "provider": "provider[\"registry.terraform.io/hashicorp/aws\"]",
      "instances": [
        {
          "schema_version": 0,
          "attributes": {
            "id": "2690255455",
            "json": "{\n  \"Version\": \"2012-10-17\",\n  \"Statement\": [\n    {\n      \"Effect\": \"Allow\",\n      \"Action\": \"sts:AssumeRole\",\n      \"Principal\": {\n        \"Service\": \"lambda.amazonaws.com\"\n      }\n    }\n  ]\n}",
            "override_json": null,
            "override_policy_documents": null,
            "policy_id": null,
            "source_json": null,
            "source_policy_documents": null,
            "statement": [
              {
                "actions": [
                  "sts:AssumeRole"
                ],
                "condition": [],
                "effect": "Allow",
                "not_actions": [],
                "not_principals": [],
                "not_resources": [],
                "principals": [
                  {
                    "identifiers": [
                      "lambda.amazonaws.com"
                    ],
                    "type": "Service"
                  }
                ],
                "resources": [],
                "sid": ""
              }
            ],
            "version": "2012-10-17"
          },
          "sensitive_attributes": []
        }
      ]
    },
    {
      "mode": "data",
      "type": "aws_iam_policy_document",
      "name": "lambda-role-policy2",
      "provider": "provider[\"registry.terraform.io/hashicorp/aws\"]",
      "instances": [
        {
          "schema_version": 0,
          "attributes": {
            "id": "1012425832",
            "json": "{\n  \"Version\": \"2012-10-17\",\n  \"Statement\": [\n    {\n      \"Effect\": \"Allow\",\n      \"Action\": \"sts:AssumeRole\",\n      \"Principal\": {\n        \"Service\": \"lambda.amazonaws.com\"\n      }\n    },\n    {\n      \"Sid\": \"AmazonS3FullAccess\",\n      \"Effect\": \"Allow\",\n      \"Action\": \"s3:*\"\n    },\n    {\n      \"Effect\": \"Allow\",\n      \"Action\": \"s3-object-lambda:*\",\n      \"Resource\": \"*\"\n    },\n    {\n      \"Effect\": \"Allow\",\n      \"Action\": \"lambda:InvokeFunction\",\n      \"Resource\": \"*\"\n    }\n  ]\n}",
            "override_json": null,
            "override_policy_documents": null,
            "policy_id": null,
            "source_json": null,
            "source_policy_documents": null,
            "statement": [
              {
                "actions": [
                  "sts:AssumeRole"
                ],
                "condition": [],
                "effect": "Allow",
                "not_actions": [],
                "not_principals": [],
                "not_resources": [],
                "principals": [
                  {
                    "identifiers": [
                      "lambda.amazonaws.com"
                    ],
                    "type": "Service"
                  }
                ],
                "resources": [],
                "sid": ""
              },
              {
                "actions": [
                  "s3:*"
                ],
                "condition": [],
                "effect": "Allow",
                "not_actions": [],
                "not_principals": [],
                "not_resources": [],
                "principals": [],
                "resources": [],
                "sid": "AmazonS3FullAccess"
              },
              {
                "actions": [
                  "s3-object-lambda:*"
                ],
                "condition": [],
                "effect": "Allow",
                "not_actions": [],
                "not_principals": [],
                "not_resources": [],
                "principals": [],
                "resources": [
                  "*"
                ],
                "sid": ""
              },
              {
                "actions": [
                  "lambda:InvokeFunction"
                ],
                "condition": [],
                "effect": "Allow",
                "not_actions": [],
                "not_principals": [],
                "not_resources": [],
                "principals": [],
                "resources": [
                  "*"
                ],
                "sid": ""
              }
            ],
            "version": "2012-10-17"
          },
          "sensitive_attributes": []
        }
      ]
    },
    {
      "mode": "managed",
      "type": "aws_iam_role",
      "name": "lambda-role",
      "provider": "provider[\"registry.terraform.io/hashicorp/aws\"]",
      "instances": [
        {
          "schema_version": 0,
          "attributes": {
            "arn": "arn:aws:iam::129033205317:role/c10-epsilon-lambda",
            "assume_role_policy": "{\"Statement\":[{\"Action\":\"sts:AssumeRole\",\"Effect\":\"Allow\",\"Principal\":{\"Service\":\"lambda.amazonaws.com\"}}],\"Version\":\"2012-10-17\"}",
            "create_date": "2024-04-19T09:04:10Z",
            "description": "",
            "force_detach_policies": false,
            "id": "c10-epsilon-lambda",
            "inline_policy": [],
            "managed_policy_arns": [],
            "max_session_duration": 3600,
            "name": "c10-epsilon-lambda",
            "name_prefix": "",
            "path": "/",
            "permissions_boundary": "",
            "tags": null,
            "tags_all": {},
            "unique_id": "AROAR4CX2OZCYFMW63JW7"
          },
          "sensitive_attributes": [],
          "private": "bnVsbA==",
          "dependencies": [
            "data.aws_iam_policy_document.lambda-role-policy"
          ]
        }
      ]
    },
    {
      "mode": "managed",
      "type": "aws_iam_role",
      "name": "lambda-role2",
      "provider": "provider[\"registry.terraform.io/hashicorp/aws\"]",
      "instances": [
        {
          "schema_version": 0,
          "attributes": {
            "arn": "arn:aws:iam::129033205317:role/c10-epsilon-lambda-archive",
            "assume_role_policy": "{\"Statement\":[{\"Action\":\"sts:AssumeRole\",\"Effect\":\"Allow\",\"Principal\":{\"Service\":\"lambda.amazonaws.com\"}}],\"Version\":\"2012-10-17\"}",
            "create_date": "2024-04-19T09:04:10Z",
            "description": "",
            "force_detach_policies": false,
            "id": "c10-epsilon-lambda-archive",
            "inline_policy": [],
            "managed_policy_arns": [],
            "max_session_duration": 3600,
            "name": "c10-epsilon-lambda-archive",
            "name_prefix": "",
            "path": "/",
            "permissions_boundary": "",
            "tags": null,
            "tags_all": {},
            "unique_id": "AROAR4CX2OZCWAZYHM22W"
          },
          "sensitive_attributes": [],
          "private": "bnVsbA==",
          "dependencies": [
            "data.aws_iam_policy_document.lambda-role-policy"
          ]
        }
      ]
    },
    {
      "mode": "managed",
      "type": "aws_lambda_function",
      "name": "example-lambda",
      "provider": "provider[\"registry.terraform.io/hashicorp/aws\"]",
      "instances": [
        {
          "schema_version": 0,
          "attributes": {
            "architectures": [
              "x86_64"
            ],
            "arn": "arn:aws:lambda:eu-west-2:129033205317:function:c10-epsilon-terraform-lambda-short-term",
            "code_signing_config_arn": "",
            "dead_letter_config": [],
            "description": "",
            "environment": [
              {
                "variables": {
                  "DB_HOST": "c10-plant-database.c57vkec7dkkx.eu-west-2.rds.amazonaws.com",
                  "DB_NAME": "plants",
                  "DB_PASSWORD": "epsilon1",
                  "DB_PORT": "1433",
                  "DB_SCHEMA": "s_epsilon",
                  "DB_USER": "epsilon"
                }
              }
            ],
            "ephemeral_storage": [
              {
                "size": 512
              }
            ],
            "file_system_config": [],
            "filename": null,
            "function_name": "c10-epsilon-terraform-lambda-short-term",
            "handler": "",
            "id": "c10-epsilon-terraform-lambda-short-term",
            "image_config": [],
            "image_uri": "129033205317.dkr.ecr.eu-west-2.amazonaws.com/c10-epsilon-plant-pipeline@sha256:3404d9e740bcc07a581e05866ae48428da239568cc49d48c87f86e73dca09e34",
            "invoke_arn": "arn:aws:apigateway:eu-west-2:lambda:path/2015-03-31/functions/arn:aws:lambda:eu-west-2:129033205317:function:c10-epsilon-terraform-lambda-short-term/invocations",
            "kms_key_arn": "",
            "last_modified": "2024-04-19T09:04:18.753+0000",
            "layers": null,
            "logging_config": [
              {
                "application_log_level": "",
                "log_format": "Text",
                "log_group": "/aws/lambda/c10-epsilon-terraform-lambda-short-term",
                "system_log_level": ""
              }
            ],
            "memory_size": 128,
            "package_type": "Image",
            "publish": false,
            "qualified_arn": "arn:aws:lambda:eu-west-2:129033205317:function:c10-epsilon-terraform-lambda-short-term:$LATEST",
            "qualified_invoke_arn": "arn:aws:apigateway:eu-west-2:lambda:path/2015-03-31/functions/arn:aws:lambda:eu-west-2:129033205317:function:c10-epsilon-terraform-lambda-short-term:$LATEST/invocations",
            "replace_security_groups_on_destroy": null,
            "replacement_security_group_ids": null,
            "reserved_concurrent_executions": -1,
            "role": "arn:aws:iam::129033205317:role/c10-epsilon-lambda",
            "runtime": "",
            "s3_bucket": null,
            "s3_key": null,
            "s3_object_version": null,
            "signing_job_arn": "",
            "signing_profile_version_arn": "",
            "skip_destroy": false,
            "snap_start": [],
            "source_code_hash": "3404d9e740bcc07a581e05866ae48428da239568cc49d48c87f86e73dca09e34",
            "source_code_size": 0,
            "tags": null,
            "tags_all": {},
            "timeout": 60,
            "timeouts": null,
            "tracing_config": [
              {
                "mode": "PassThrough"
              }
            ],
            "version": "$LATEST",
            "vpc_config": []
          },
          "sensitive_attributes": [],
          "private": "eyJlMmJmYjczMC1lY2FhLTExZTYtOGY4OC0zNDM2M2JjN2M0YzAiOnsiY3JlYXRlIjo2MDAwMDAwMDAwMDAsImRlbGV0ZSI6NjAwMDAwMDAwMDAwLCJ1cGRhdGUiOjYwMDAwMDAwMDAwMH19",
          "dependencies": [
            "aws_iam_role.lambda-role",
            "data.aws_ecr_image.lambda-image",
            "data.aws_iam_policy_document.lambda-role-policy"
          ]
        }
      ]
    },
    {
      "mode": "managed",
      "type": "aws_lambda_function",
      "name": "example-lambda2",
      "provider": "provider[\"registry.terraform.io/hashicorp/aws\"]",
      "instances": [
        {
          "schema_version": 0,
          "attributes": {
            "architectures": [
              "x86_64"
            ],
            "arn": "arn:aws:lambda:eu-west-2:129033205317:function:c10-epsilon-terraform-lambda-archive",
            "code_signing_config_arn": "",
            "dead_letter_config": [],
            "description": "",
            "environment": [
              {
                "variables": {
                  "DB_HOST": "c10-plant-database.c57vkec7dkkx.eu-west-2.rds.amazonaws.com",
                  "DB_NAME": "plants",
                  "DB_PASSWORD": "epsilon1",
                  "DB_PORT": "1433",
                  "DB_SCHEMA": "s_epsilon",
                  "DB_USER": "epsilon"
                }
              }
            ],
            "ephemeral_storage": [
              {
                "size": 512
              }
            ],
            "file_system_config": [],
            "filename": null,
            "function_name": "c10-epsilon-terraform-lambda-archive",
            "handler": "",
            "id": "c10-epsilon-terraform-lambda-archive",
            "image_config": [],
            "image_uri": "129033205317.dkr.ecr.eu-west-2.amazonaws.com/c10-epsilon-plant-archive@sha256:51c64eda647b85e14642e8cc5410a0a0554496527c2d057a2d06231d6bc74cda",
            "invoke_arn": "arn:aws:apigateway:eu-west-2:lambda:path/2015-03-31/functions/arn:aws:lambda:eu-west-2:129033205317:function:c10-epsilon-terraform-lambda-archive/invocations",
            "kms_key_arn": "",
            "last_modified": "2024-04-19T09:04:18.753+0000",
            "layers": null,
            "logging_config": [
              {
                "application_log_level": "",
                "log_format": "Text",
                "log_group": "/aws/lambda/c10-epsilon-terraform-lambda-archive",
                "system_log_level": ""
              }
            ],
            "memory_size": 128,
            "package_type": "Image",
            "publish": false,
            "qualified_arn": "arn:aws:lambda:eu-west-2:129033205317:function:c10-epsilon-terraform-lambda-archive:$LATEST",
            "qualified_invoke_arn": "arn:aws:apigateway:eu-west-2:lambda:path/2015-03-31/functions/arn:aws:lambda:eu-west-2:129033205317:function:c10-epsilon-terraform-lambda-archive:$LATEST/invocations",
            "replace_security_groups_on_destroy": null,
            "replacement_security_group_ids": null,
            "reserved_concurrent_executions": -1,
            "role": "arn:aws:iam::129033205317:role/c10-epsilon-lambda-archive",
            "runtime": "",
            "s3_bucket": null,
            "s3_key": null,
            "s3_object_version": null,
            "signing_job_arn": "",
            "signing_profile_version_arn": "",
            "skip_destroy": false,
            "snap_start": [],
            "source_code_hash": "51c64eda647b85e14642e8cc5410a0a0554496527c2d057a2d06231d6bc74cda",
            "source_code_size": 0,
            "tags": null,
            "tags_all": {},
            "timeout": 30,
            "timeouts": null,
            "tracing_config": [
              {
                "mode": "PassThrough"
              }
            ],
            "version": "$LATEST",
            "vpc_config": []
          },
          "sensitive_attributes": [],
          "private": "eyJlMmJmYjczMC1lY2FhLTExZTYtOGY4OC0zNDM2M2JjN2M0YzAiOnsiY3JlYXRlIjo2MDAwMDAwMDAwMDAsImRlbGV0ZSI6NjAwMDAwMDAwMDAwLCJ1cGRhdGUiOjYwMDAwMDAwMDAwMH19",
          "dependencies": [
            "aws_iam_role.lambda-role2",
            "data.aws_ecr_image.lambda-image2",
            "data.aws_iam_policy_document.lambda-role-policy"
          ]
        }
      ]
    }
  ],
  "check_results": null
}
